{
  "name": "nr-pipeline-ext",
  "version": "0.0.1",
  "lockfileVersion": 1,
  "requires": true,
  "dependencies": {
    "liquibase": {
      "version": "0.0.3",
      "resolved": "https://registry.npmjs.org/liquibase/-/liquibase-0.0.3.tgz",
      "integrity": "sha1-J/Jnjg8B2fENRdmKOc2SO9XPl+Q="
    }
  }
}
